// !$*UTF8*$!
{
	archiveVersion = 1;
	classes = {
	};
	objectVersion = 56;
	objects = {

/* Begin PBXBuildFile section */
		91469A022C6F1940008F540B /* TODOTests.swift in Sources */ = {isa = PBXBuildFile; fileRef = 91469A012C6F1940008F540B /* TODOTests.swift */; };
		91469A0C2C6F1940008F540B /* TODOUITests.swift in Sources */ = {isa = PBXBuildFile; fileRef = 91469A0B2C6F1940008F540B /* TODOUITests.swift */; };
		91469A0E2C6F1940008F540B /* TODOUITestsLaunchTests.swift in Sources */ = {isa = PBXBuildFile; fileRef = 91469A0D2C6F1940008F540B /* TODOUITestsLaunchTests.swift */; };
		919FCD842C6F4FBA008BB62C /* TodoApp.swift in Sources */ = {isa = PBXBuildFile; fileRef = 919FCD832C6F4FBA008BB62C /* TodoApp.swift */; };
		919FCD862C6F505C008BB62C /* Todo.swift in Sources */ = {isa = PBXBuildFile; fileRef = 919FCD852C6F505C008BB62C /* Todo.swift */; };
		919FCD882C6F507F008BB62C /* TodoUseCase.swift in Sources */ = {isa = PBXBuildFile; fileRef = 919FCD872C6F507F008BB62C /* TodoUseCase.swift */; };
		919FCD8A2C6F51C3008BB62C /* TodoRepository.swift in Sources */ = {isa = PBXBuildFile; fileRef = 919FCD892C6F51C3008BB62C /* TodoRepository.swift */; };
		919FCD902C6F5338008BB62C /* TodoListViewModel.swift in Sources */ = {isa = PBXBuildFile; fileRef = 919FCD8F2C6F5338008BB62C /* TodoListViewModel.swift */; };
		919FCD922C6F535A008BB62C /* TodoListView.swift in Sources */ = {isa = PBXBuildFile; fileRef = 919FCD912C6F535A008BB62C /* TodoListView.swift */; };
/* End PBXBuildFile section */

/* Begin PBXContainerItemProxy section */
		914699FE2C6F1940008F540B /* PBXContainerItemProxy */ = {
			isa = PBXContainerItemProxy;
			containerPortal = 914699E52C6F193E008F540B /* Project object */;
			proxyType = 1;
			remoteGlobalIDString = 914699EC2C6F193E008F540B;
			remoteInfo = TODO;
		};
		91469A082C6F1940008F540B /* PBXContainerItemProxy */ = {
			isa = PBXContainerItemProxy;
			containerPortal = 914699E52C6F193E008F540B /* Project object */;
			proxyType = 1;
			remoteGlobalIDString = 914699EC2C6F193E008F540B;
			remoteInfo = TODO;
		};
/* End PBXContainerItemProxy section */

/* Begin PBXFileReference section */
		914699ED2C6F193E008F540B /* TODO.app */ = {isa = PBXFileReference; explicitFileType = wrapper.application; includeInIndex = 0; path = TODO.app; sourceTree = BUILT_PRODUCTS_DIR; };
		914699FD2C6F1940008F540B /* TODOTests.xctest */ = {isa = PBXFileReference; explicitFileType = wrapper.cfbundle; includeInIndex = 0; path = TODOTests.xctest; sourceTree = BUILT_PRODUCTS_DIR; };
		91469A012C6F1940008F540B /* TODOTests.swift */ = {isa = PBXFileReference; lastKnownFileType = sourcecode.swift; path = TODOTests.swift; sourceTree = "<group>"; };
		91469A072C6F1940008F540B /* TODOUITests.xctest */ = {isa = PBXFileReference; explicitFileType = wrapper.cfbundle; includeInIndex = 0; path = TODOUITests.xctest; sourceTree = BUILT_PRODUCTS_DIR; };
		91469A0B2C6F1940008F540B /* TODOUITests.swift */ = {isa = PBXFileReference; lastKnownFileType = sourcecode.swift; path = TODOUITests.swift; sourceTree = "<group>"; };
		91469A0D2C6F1940008F540B /* TODOUITestsLaunchTests.swift */ = {isa = PBXFileReference; lastKnownFileType = sourcecode.swift; path = TODOUITestsLaunchTests.swift; sourceTree = "<group>"; };
		919FCD832C6F4FBA008BB62C /* TodoApp.swift */ = {isa = PBXFileReference; lastKnownFileType = sourcecode.swift; path = TodoApp.swift; sourceTree = "<group>"; };
		919FCD852C6F505C008BB62C /* Todo.swift */ = {isa = PBXFileReference; lastKnownFileType = sourcecode.swift; path = Todo.swift; sourceTree = "<group>"; };
		919FCD872C6F507F008BB62C /* TodoUseCase.swift */ = {isa = PBXFileReference; lastKnownFileType = sourcecode.swift; path = TodoUseCase.swift; sourceTree = "<group>"; };
		919FCD892C6F51C3008BB62C /* TodoRepository.swift */ = {isa = PBXFileReference; lastKnownFileType = sourcecode.swift; path = TodoRepository.swift; sourceTree = "<group>"; };
		919FCD8F2C6F5338008BB62C /* TodoListViewModel.swift */ = {isa = PBXFileReference; lastKnownFileType = sourcecode.swift; path = TodoListViewModel.swift; sourceTree = "<group>"; };
		919FCD912C6F535A008BB62C /* TodoListView.swift */ = {isa = PBXFileReference; lastKnownFileType = sourcecode.swift; path = TodoListView.swift; sourceTree = "<group>"; };
/* End PBXFileReference section */

/* Begin PBXFrameworksBuildPhase section */
		914699EA2C6F193E008F540B /* Frameworks */ = {
			isa = PBXFrameworksBuildPhase;
			buildActionMask = 2147483647;
			files = (
			);
			runOnlyForDeploymentPostprocessing = 0;
		};
		914699FA2C6F1940008F540B /* Frameworks */ = {
			isa = PBXFrameworksBuildPhase;
			buildActionMask = 2147483647;
			files = (
			);
			runOnlyForDeploymentPostprocessing = 0;
		};
		91469A042C6F1940008F540B /* Frameworks */ = {
			isa = PBXFrameworksBuildPhase;
			buildActionMask = 2147483647;
			files = (
			);
			runOnlyForDeploymentPostprocessing = 0;
		};
/* End PBXFrameworksBuildPhase section */

/* Begin PBXGroup section */
		914699E42C6F193E008F540B = {
			isa = PBXGroup;
			children = (
				914699EF2C6F193E008F540B /* TODO */,
				91469A002C6F1940008F540B /* TODOTests */,
				91469A0A2C6F1940008F540B /* TODOUITests */,
				914699EE2C6F193E008F540B /* Products */,
			);
			sourceTree = "<group>";
		};
		914699EE2C6F193E008F540B /* Products */ = {
			isa = PBXGroup;
			children = (
				914699ED2C6F193E008F540B /* TODO.app */,
				914699FD2C6F1940008F540B /* TODOTests.xctest */,
				91469A072C6F1940008F540B /* TODOUITests.xctest */,
			);
			name = Products;
			sourceTree = "<group>";
		};
		914699EF2C6F193E008F540B /* TODO */ = {
			isa = PBXGroup;
			children = (
				919FCD7A2C6F4E0A008BB62C /* Application */,
				919FCD7F2C6F4E7E008BB62C /* Presentation */,
				919FCD802C6F4E8B008BB62C /* Domain */,
				919FCD812C6F4E90008BB62C /* Data */,
				919FCD7E2C6F4E5F008BB62C /* Infrastructure */,
				919FCD7C2C6F4E2E008BB62C /* Common */,
				919FCD7B2C6F4E19008BB62C /* Resources */,
			);
			path = TODO;
			sourceTree = "<group>";
		};
		91469A002C6F1940008F540B /* TODOTests */ = {
			isa = PBXGroup;
			children = (
				91469A012C6F1940008F540B /* TODOTests.swift */,
			);
			path = TODOTests;
			sourceTree = "<group>";
		};
		91469A0A2C6F1940008F540B /* TODOUITests */ = {
			isa = PBXGroup;
			children = (
				91469A0B2C6F1940008F540B /* TODOUITests.swift */,
				91469A0D2C6F1940008F540B /* TODOUITestsLaunchTests.swift */,
			);
			path = TODOUITests;
			sourceTree = "<group>";
		};
		919FCD7A2C6F4E0A008BB62C /* Application */ = {
			isa = PBXGroup;
			children = (
				919FCD832C6F4FBA008BB62C /* TodoApp.swift */,
			);
			path = Application;
			sourceTree = "<group>";
		};
		919FCD7B2C6F4E19008BB62C /* Resources */ = {
			isa = PBXGroup;
			children = (
			);
			path = Resources;
			sourceTree = "<group>";
		};
		919FCD7C2C6F4E2E008BB62C /* Common */ = {
			isa = PBXGroup;
			children = (
			);
			path = Common;
			sourceTree = "<group>";
		};
		919FCD7E2C6F4E5F008BB62C /* Infrastructure */ = {
			isa = PBXGroup;
			children = (
			);
			path = Infrastructure;
			sourceTree = "<group>";
		};
		919FCD7F2C6F4E7E008BB62C /* Presentation */ = {
			isa = PBXGroup;
			children = (
				919FCD8B2C6F51E4008BB62C /* Todo */,
				919FCD952C6F54A7008BB62C /* Utils */,
			);
			path = Presentation;
			sourceTree = "<group>";
		};
		919FCD802C6F4E8B008BB62C /* Domain */ = {
			isa = PBXGroup;
			children = (
				919FCD932C6F53DC008BB62C /* Entities */,
				919FCD942C6F53EB008BB62C /* UseCases */,
			);
			path = Domain;
			sourceTree = "<group>";
		};
		919FCD812C6F4E90008BB62C /* Data */ = {
			isa = PBXGroup;
			children = (
				919FCD892C6F51C3008BB62C /* TodoRepository.swift */,
			);
			path = Data;
			sourceTree = "<group>";
		};
		919FCD8B2C6F51E4008BB62C /* Todo */ = {
			isa = PBXGroup;
			children = (
				919FCD8C2C6F52F7008BB62C /* Home */,
			);
			path = Todo;
			sourceTree = "<group>";
		};
		919FCD8C2C6F52F7008BB62C /* Home */ = {
			isa = PBXGroup;
			children = (
				919FCD8E2C6F5312008BB62C /* ViewModel */,
				919FCD8D2C6F5302008BB62C /* View */,
			);
			path = Home;
			sourceTree = "<group>";
		};
		919FCD8D2C6F5302008BB62C /* View */ = {
			isa = PBXGroup;
			children = (
				919FCD912C6F535A008BB62C /* TodoListView.swift */,
			);
			path = View;
			sourceTree = "<group>";
		};
		919FCD8E2C6F5312008BB62C /* ViewModel */ = {
			isa = PBXGroup;
			children = (
				919FCD8F2C6F5338008BB62C /* TodoListViewModel.swift */,
			);
			path = ViewModel;
			sourceTree = "<group>";
		};
		919FCD932C6F53DC008BB62C /* Entities */ = {
			isa = PBXGroup;
			children = (
				919FCD852C6F505C008BB62C /* Todo.swift */,
			);
			path = Entities;
			sourceTree = "<group>";
		};
		919FCD942C6F53EB008BB62C /* UseCases */ = {
			isa = PBXGroup;
			children = (
				919FCD872C6F507F008BB62C /* TodoUseCase.swift */,
			);
			path = UseCases;
			sourceTree = "<group>";
		};
		919FCD952C6F54A7008BB62C /* Utils */ = {
			isa = PBXGroup;
			children = (
			);
			path = Utils;
			sourceTree = "<group>";
		};
/* End PBXGroup section */

/* Begin PBXNativeTarget section */
		914699EC2C6F193E008F540B /* TODO */ = {
			isa = PBXNativeTarget;
			buildConfigurationList = 91469A112C6F1940008F540B /* Build configuration list for PBXNativeTarget "TODO" */;
			buildPhases = (
				914699E92C6F193E008F540B /* Sources */,
				914699EA2C6F193E008F540B /* Frameworks */,
				914699EB2C6F193E008F540B /* Resources */,
			);
			buildRules = (
			);
			dependencies = (
			);
			name = TODO;
			productName = TODO;
			productReference = 914699ED2C6F193E008F540B /* TODO.app */;
			productType = "com.apple.product-type.application";
		};
		914699FC2C6F1940008F540B /* TODOTests */ = {
			isa = PBXNativeTarget;
			buildConfigurationList = 91469A142C6F1940008F540B /* Build configuration list for PBXNativeTarget "TODOTests" */;
			buildPhases = (
				914699F92C6F1940008F540B /* Sources */,
				914699FA2C6F1940008F540B /* Frameworks */,
				914699FB2C6F1940008F540B /* Resources */,
			);
			buildRules = (
			);
			dependencies = (
				914699FF2C6F1940008F540B /* PBXTargetDependency */,
			);
			name = TODOTests;
			productName = TODOTests;
			productReference = 914699FD2C6F1940008F540B /* TODOTests.xctest */;
			productType = "com.apple.product-type.bundle.unit-test";
		};
		91469A062C6F1940008F540B /* TODOUITests */ = {
			isa = PBXNativeTarget;
			buildConfigurationList = 91469A172C6F1940008F540B /* Build configuration list for PBXNativeTarget "TODOUITests" */;
			buildPhases = (
				91469A032C6F1940008F540B /* Sources */,
				91469A042C6F1940008F540B /* Frameworks */,
				91469A052C6F1940008F540B /* Resources */,
			);
			buildRules = (
			);
			dependencies = (
				91469A092C6F1940008F540B /* PBXTargetDependency */,
			);
			name = TODOUITests;
			productName = TODOUITests;
			productReference = 91469A072C6F1940008F540B /* TODOUITests.xctest */;
			productType = "com.apple.product-type.bundle.ui-testing";
		};
/* End PBXNativeTarget section */

/* Begin PBXProject section */
		914699E52C6F193E008F540B /* Project object */ = {
			isa = PBXProject;
			attributes = {
				BuildIndependentTargetsInParallel = 1;
				LastSwiftUpdateCheck = 1540;
				LastUpgradeCheck = 1540;
				TargetAttributes = {
					914699EC2C6F193E008F540B = {
						CreatedOnToolsVersion = 15.4;
						LastSwiftMigration = 1540;
					};
					914699FC2C6F1940008F540B = {
						CreatedOnToolsVersion = 15.4;
						TestTargetID = 914699EC2C6F193E008F540B;
					};
					91469A062C6F1940008F540B = {
						CreatedOnToolsVersion = 15.4;
						TestTargetID = 914699EC2C6F193E008F540B;
					};
				};
			};
			buildConfigurationList = 914699E82C6F193E008F540B /* Build configuration list for PBXProject "TODO" */;
			compatibilityVersion = "Xcode 14.0";
			developmentRegion = en;
			hasScannedForEncodings = 0;
			knownRegions = (
				en,
				Base,
			);
			mainGroup = 914699E42C6F193E008F540B;
			productRefGroup = 914699EE2C6F193E008F540B /* Products */;
			projectDirPath = "";
			projectRoot = "";
			targets = (
				914699EC2C6F193E008F540B /* TODO */,
				914699FC2C6F1940008F540B /* TODOTests */,
				91469A062C6F1940008F540B /* TODOUITests */,
			);
		};
/* End PBXProject section */

/* Begin PBXResourcesBuildPhase section */
		914699EB2C6F193E008F540B /* Resources */ = {
			isa = PBXResourcesBuildPhase;
			buildActionMask = 2147483647;
			files = (
			);
			runOnlyForDeploymentPostprocessing = 0;
		};
		914699FB2C6F1940008F540B /* Resources */ = {
			isa = PBXResourcesBuildPhase;
			buildActionMask = 2147483647;
			files = (
			);
			runOnlyForDeploymentPostprocessing = 0;
		};
		91469A052C6F1940008F540B /* Resources */ = {
			isa = PBXResourcesBuildPhase;
			buildActionMask = 2147483647;
			files = (
			);
			runOnlyForDeploymentPostprocessing = 0;
		};
/* End PBXResourcesBuildPhase section */

/* Begin PBXSourcesBuildPhase section */
		914699E92C6F193E008F540B /* Sources */ = {
			isa = PBXSourcesBuildPhase;
			buildActionMask = 2147483647;
			files = (
				919FCD882C6F507F008BB62C /* TodoUseCase.swift in Sources */,
				919FCD8A2C6F51C3008BB62C /* TodoRepository.swift in Sources */,
				919FCD922C6F535A008BB62C /* TodoListView.swift in Sources */,
				919FCD842C6F4FBA008BB62C /* TodoApp.swift in Sources */,
				919FCD862C6F505C008BB62C /* Todo.swift in Sources */,
				919FCD902C6F5338008BB62C /* TodoListViewModel.swift in Sources */,
			);
			runOnlyForDeploymentPostprocessing = 0;
		};
		914699F92C6F1940008F540B /* Sources */ = {
			isa = PBXSourcesBuildPhase;
			buildActionMask = 2147483647;
			files = (
				91469A022C6F1940008F540B /* TODOTests.swift in Sources */,
			);
			runOnlyForDeploymentPostprocessing = 0;
		};
		91469A032C6F1940008F540B /* Sources */ = {
			isa = PBXSourcesBuildPhase;
			buildActionMask = 2147483647;
			files = (
				91469A0E2C6F1940008F540B /* TODOUITestsLaunchTests.swift in Sources */,
				91469A0C2C6F1940008F540B /* TODOUITests.swift in Sources */,
			);
			runOnlyForDeploymentPostprocessing = 0;
		};
/* End PBXSourcesBuildPhase section */

/* Begin PBXTargetDependency section */
		914699FF2C6F1940008F540B /* PBXTargetDependency */ = {
			isa = PBXTargetDependency;
			target = 914699EC2C6F193E008F540B /* TODO */;
			targetProxy = 914699FE2C6F1940008F540B /* PBXContainerItemProxy */;
		};
		91469A092C6F1940008F540B /* PBXTargetDependency */ = {
			isa = PBXTargetDependency;
			target = 914699EC2C6F193E008F540B /* TODO */;
			targetProxy = 91469A082C6F1940008F540B /* PBXContainerItemProxy */;
		};
/* End PBXTargetDependency section */

/* Begin XCBuildConfiguration section */
		91469A0F2C6F1940008F540B /* Debug */ = {
			isa = XCBuildConfiguration;
			buildSettings = {
				ALWAYS_SEARCH_USER_PATHS = NO;
				ASSETCATALOG_COMPILER_GENERATE_SWIFT_ASSET_SYMBOL_EXTENSIONS = YES;
				CLANG_ANALYZER_NONNULL = YES;
				CLANG_ANALYZER_NUMBER_OBJECT_CONVERSION = YES_AGGRESSIVE;
				CLANG_CXX_LANGUAGE_STANDARD = "gnu++20";
				CLANG_ENABLE_MODULES = YES;
				CLANG_ENABLE_OBJC_ARC = YES;
				CLANG_ENABLE_OBJC_WEAK = YES;
				CLANG_WARN_BLOCK_CAPTURE_AUTORELEASING = YES;
				CLANG_WARN_BOOL_CONVERSION = YES;
				CLANG_WARN_COMMA = YES;
				CLANG_WARN_CONSTANT_CONVERSION = YES;
				CLANG_WARN_DEPRECATED_OBJC_IMPLEMENTATIONS = YES;
				CLANG_WARN_DIRECT_OBJC_ISA_USAGE = YES_ERROR;
				CLANG_WARN_DOCUMENTATION_COMMENTS = YES;
				CLANG_WARN_EMPTY_BODY = YES;
				CLANG_WARN_ENUM_CONVERSION = YES;
				CLANG_WARN_INFINITE_RECURSION = YES;
				CLANG_WARN_INT_CONVERSION = YES;
				CLANG_WARN_NON_LITERAL_NULL_CONVERSION = YES;
				CLANG_WARN_OBJC_IMPLICIT_RETAIN_SELF = YES;
				CLANG_WARN_OBJC_LITERAL_CONVERSION = YES;
				CLANG_WARN_OBJC_ROOT_CLASS = YES_ERROR;
				CLANG_WARN_QUOTED_INCLUDE_IN_FRAMEWORK_HEADER = YES;
				CLANG_WARN_RANGE_LOOP_ANALYSIS = YES;
				CLANG_WARN_STRICT_PROTOTYPES = YES;
				CLANG_WARN_SUSPICIOUS_MOVE = YES;
				CLANG_WARN_UNGUARDED_AVAILABILITY = YES_AGGRESSIVE;
				CLANG_WARN_UNREACHABLE_CODE = YES;
				CLANG_WARN__DUPLICATE_METHOD_MATCH = YES;
				COPY_PHASE_STRIP = NO;
				DEBUG_INFORMATION_FORMAT = dwarf;
				ENABLE_STRICT_OBJC_MSGSEND = YES;
				ENABLE_TESTABILITY = YES;
				ENABLE_USER_SCRIPT_SANDBOXING = YES;
				GCC_C_LANGUAGE_STANDARD = gnu17;
				GCC_DYNAMIC_NO_PIC = NO;
				GCC_NO_COMMON_BLOCKS = YES;
				GCC_OPTIMIZATION_LEVEL = 0;
				GCC_PREPROCESSOR_DEFINITIONS = (
					"DEBUG=1",
					"$(inherited)",
				);
				GCC_WARN_64_TO_32_BIT_CONVERSION = YES;
				GCC_WARN_ABOUT_RETURN_TYPE = YES_ERROR;
				GCC_WARN_UNDECLARED_SELECTOR = YES;
				GCC_WARN_UNINITIALIZED_AUTOS = YES_AGGRESSIVE;
				GCC_WARN_UNUSED_FUNCTION = YES;
				GCC_WARN_UNUSED_VARIABLE = YES;
				IPHONEOS_DEPLOYMENT_TARGET = 17.5;
				LOCALIZATION_PREFERS_STRING_CATALOGS = YES;
				MTL_ENABLE_DEBUG_INFO = INCLUDE_SOURCE;
				MTL_FAST_MATH = YES;
				ONLY_ACTIVE_ARCH = YES;
				SDKROOT = iphoneos;
				SWIFT_ACTIVE_COMPILATION_CONDITIONS = "DEBUG $(inherited)";
				SWIFT_OPTIMIZATION_LEVEL = "-Onone";
			};
			name = Debug;
		};
		91469A102C6F1940008F540B /* Release */ = {
			isa = XCBuildConfiguration;
			buildSettings = {
				ALWAYS_SEARCH_USER_PATHS = NO;
				ASSETCATALOG_COMPILER_GENERATE_SWIFT_ASSET_SYMBOL_EXTENSIONS = YES;
				CLANG_ANALYZER_NONNULL = YES;
				CLANG_ANALYZER_NUMBER_OBJECT_CONVERSION = YES_AGGRESSIVE;
				CLANG_CXX_LANGUAGE_STANDARD = "gnu++20";
				CLANG_ENABLE_MODULES = YES;
				CLANG_ENABLE_OBJC_ARC = YES;
				CLANG_ENABLE_OBJC_WEAK = YES;
				CLANG_WARN_BLOCK_CAPTURE_AUTORELEASING = YES;
				CLANG_WARN_BOOL_CONVERSION = YES;
				CLANG_WARN_COMMA = YES;
				CLANG_WARN_CONSTANT_CONVERSION = YES;
				CLANG_WARN_DEPRECATED_OBJC_IMPLEMENTATIONS = YES;
				CLANG_WARN_DIRECT_OBJC_ISA_USAGE = YES_ERROR;
				CLANG_WARN_DOCUMENTATION_COMMENTS = YES;
				CLANG_WARN_EMPTY_BODY = YES;
				CLANG_WARN_ENUM_CONVERSION = YES;
				CLANG_WARN_INFINITE_RECURSION = YES;
				CLANG_WARN_INT_CONVERSION = YES;
				CLANG_WARN_NON_LITERAL_NULL_CONVERSION = YES;
				CLANG_WARN_OBJC_IMPLICIT_RETAIN_SELF = YES;
				CLANG_WARN_OBJC_LITERAL_CONVERSION = YES;
				CLANG_WARN_OBJC_ROOT_CLASS = YES_ERROR;
				CLANG_WARN_QUOTED_INCLUDE_IN_FRAMEWORK_HEADER = YES;
				CLANG_WARN_RANGE_LOOP_ANALYSIS = YES;
				CLANG_WARN_STRICT_PROTOTYPES = YES;
				CLANG_WARN_SUSPICIOUS_MOVE = YES;
				CLANG_WARN_UNGUARDED_AVAILABILITY = YES_AGGRESSIVE;
				CLANG_WARN_UNREACHABLE_CODE = YES;
				CLANG_WARN__DUPLICATE_METHOD_MATCH = YES;
				COPY_PHASE_STRIP = NO;
				DEBUG_INFORMATION_FORMAT = "dwarf-with-dsym";
				ENABLE_NS_ASSERTIONS = NO;
				ENABLE_STRICT_OBJC_MSGSEND = YES;
				ENABLE_USER_SCRIPT_SANDBOXING = YES;
				GCC_C_LANGUAGE_STANDARD = gnu17;
				GCC_NO_COMMON_BLOCKS = YES;
				GCC_WARN_64_TO_32_BIT_CONVERSION = YES;
				GCC_WARN_ABOUT_RETURN_TYPE = YES_ERROR;
				GCC_WARN_UNDECLARED_SELECTOR = YES;
				GCC_WARN_UNINITIALIZED_AUTOS = YES_AGGRESSIVE;
				GCC_WARN_UNUSED_FUNCTION = YES;
				GCC_WARN_UNUSED_VARIABLE = YES;
				IPHONEOS_DEPLOYMENT_TARGET = 17.5;
				LOCALIZATION_PREFERS_STRING_CATALOGS = YES;
				MTL_ENABLE_DEBUG_INFO = NO;
				MTL_FAST_MATH = YES;
				SDKROOT = iphoneos;
				SWIFT_COMPILATION_MODE = wholemodule;
				VALIDATE_PRODUCT = YES;
			};
			name = Release;
		};
		91469A122C6F1940008F540B /* Debug */ = {
			isa = XCBuildConfiguration;
			buildSettings = {
				ASSETCATALOG_COMPILER_APPICON_NAME = AppIcon;
				ASSETCATALOG_COMPILER_GLOBAL_ACCENT_COLOR_NAME = AccentColor;
				CLANG_ENABLE_MODULES = YES;
				CODE_SIGN_STYLE = Automatic;
				CURRENT_PROJECT_VERSION = 1;
				DEVELOPMENT_ASSET_PATHS = "";
				DEVELOPMENT_TEAM = 8X36L56SFQ;
				ENABLE_PREVIEWS = YES;
				GENERATE_INFOPLIST_FILE = YES;
				INFOPLIST_KEY_UIApplicationSceneManifest_Generation = YES;
				INFOPLIST_KEY_UIApplicationSupportsIndirectInputEvents = YES;
				INFOPLIST_KEY_UILaunchScreen_Generation = YES;
				INFOPLIST_KEY_UISupportedInterfaceOrientations_iPad = "UIInterfaceOrientationPortrait UIInterfaceOrientationPortraitUpsideDown UIInterfaceOrientationLandscapeLeft UIInterfaceOrientationLandscapeRight";
				INFOPLIST_KEY_UISupportedInterfaceOrientations_iPhone = "UIInterfaceOrientationPortrait UIInterfaceOrientationLandscapeLeft UIInterfaceOrientationLandscapeRight";
				LD_RUNPATH_SEARCH_PATHS = (
					"$(inherited)",
					"@executable_path/Frameworks",
				);
				MARKETING_VERSION = 1.0;
				PRODUCT_BUNDLE_IDENTIFIER = shiluco.TODO;
				PRODUCT_NAME = "$(TARGET_NAME)";
				SWIFT_EMIT_LOC_STRINGS = YES;
				SWIFT_OBJC_BRIDGING_HEADER = "";
				SWIFT_OPTIMIZATION_LEVEL = "-Onone";
				SWIFT_VERSION = 5.0;
				TARGETED_DEVICE_FAMILY = "1,2";
			};
			name = Debug;
		};
		91469A132C6F1940008F540B /* Release */ = {
			isa = XCBuildConfiguration;
			buildSettings = {
				ASSETCATALOG_COMPILER_APPICON_NAME = AppIcon;
				ASSETCATALOG_COMPILER_GLOBAL_ACCENT_COLOR_NAME = AccentColor;
				CLANG_ENABLE_MODULES = YES;
				CODE_SIGN_STYLE = Automatic;
				CURRENT_PROJECT_VERSION = 1;
				DEVELOPMENT_ASSET_PATHS = "";
				DEVELOPMENT_TEAM = 8X36L56SFQ;
				ENABLE_PREVIEWS = YES;
				GENERATE_INFOPLIST_FILE = YES;
				INFOPLIST_KEY_UIApplicationSceneManifest_Generation = YES;
				INFOPLIST_KEY_UIApplicationSupportsIndirectInputEvents = YES;
				INFOPLIST_KEY_UILaunchScreen_Generation = YES;
				INFOPLIST_KEY_UISupportedInterfaceOrientations_iPad = "UIInterfaceOrientationPortrait UIInterfaceOrientationPortraitUpsideDown UIInterfaceOrientationLandscapeLeft UIInterfaceOrientationLandscapeRight";
				INFOPLIST_KEY_UISupportedInterfaceOrientations_iPhone = "UIInterfaceOrientationPortrait UIInterfaceOrientationLandscapeLeft UIInterfaceOrientationLandscapeRight";
				LD_RUNPATH_SEARCH_PATHS = (
					"$(inherited)",
					"@executable_path/Frameworks",
				);
				MARKETING_VERSION = 1.0;
				PRODUCT_BUNDLE_IDENTIFIER = shiluco.TODO;
				PRODUCT_NAME = "$(TARGET_NAME)";
				SWIFT_EMIT_LOC_STRINGS = YES;
				SWIFT_OBJC_BRIDGING_HEADER = "";
				SWIFT_VERSION = 5.0;
				TARGETED_DEVICE_FAMILY = "1,2";
			};
			name = Release;
		};
		91469A152C6F1940008F540B /* Debug */ = {
			isa = XCBuildConfiguration;
			buildSettings = {
				ALWAYS_EMBED_SWIFT_STANDARD_LIBRARIES = YES;
				BUNDLE_LOADER = "$(TEST_HOST)";
				CODE_SIGN_STYLE = Automatic;
				CURRENT_PROJECT_VERSION = 1;
				DEVELOPMENT_TEAM = 8X36L56SFQ;
				GENERATE_INFOPLIST_FILE = YES;
				IPHONEOS_DEPLOYMENT_TARGET = 17.5;
				MARKETING_VERSION = 1.0;
				PRODUCT_BUNDLE_IDENTIFIER = shiluco.TODOTests;
				PRODUCT_NAME = "$(TARGET_NAME)";
				SWIFT_EMIT_LOC_STRINGS = NO;
				SWIFT_VERSION = 5.0;
				TARGETED_DEVICE_FAMILY = "1,2";
				TEST_HOST = "$(BUILT_PRODUCTS_DIR)/TODO.app/$(BUNDLE_EXECUTABLE_FOLDER_PATH)/TODO";
			};
			name = Debug;
		};
		91469A162C6F1940008F540B /* Release */ = {
			isa = XCBuildConfiguration;
			buildSettings = {
				ALWAYS_EMBED_SWIFT_STANDARD_LIBRARIES = YES;
				BUNDLE_LOADER = "$(TEST_HOST)";
				CODE_SIGN_STYLE = Automatic;
				CURRENT_PROJECT_VERSION = 1;
				DEVELOPMENT_TEAM = 8X36L56SFQ;
				GENERATE_INFOPLIST_FILE = YES;
				IPHONEOS_DEPLOYMENT_TARGET = 17.5;
				MARKETING_VERSION = 1.0;
				PRODUCT_BUNDLE_IDENTIFIER = shiluco.TODOTests;
				PRODUCT_NAME = "$(TARGET_NAME)";
				SWIFT_EMIT_LOC_STRINGS = NO;
				SWIFT_VERSION = 5.0;
				TARGETED_DEVICE_FAMILY = "1,2";
				TEST_HOST = "$(BUILT_PRODUCTS_DIR)/TODO.app/$(BUNDLE_EXECUTABLE_FOLDER_PATH)/TODO";
			};
			name = Release;
		};
		91469A182C6F1940008F540B /* Debug */ = {
			isa = XCBuildConfiguration;
			buildSettings = {
				ALWAYS_EMBED_SWIFT_STANDARD_LIBRARIES = YES;
				CODE_SIGN_STYLE = Automatic;
				CURRENT_PROJECT_VERSION = 1;
				DEVELOPMENT_TEAM = 8X36L56SFQ;
				GENERATE_INFOPLIST_FILE = YES;
				MARKETING_VERSION = 1.0;
				PRODUCT_BUNDLE_IDENTIFIER = shiluco.TODOUITests;
				PRODUCT_NAME = "$(TARGET_NAME)";
				SWIFT_EMIT_LOC_STRINGS = NO;
				SWIFT_VERSION = 5.0;
				TARGETED_DEVICE_FAMILY = "1,2";
				TEST_TARGET_NAME = TODO;
			};
			name = Debug;
		};
		91469A192C6F1940008F540B /* Release */ = {
			isa = XCBuildConfiguration;
			buildSettings = {
				ALWAYS_EMBED_SWIFT_STANDARD_LIBRARIES = YES;
				CODE_SIGN_STYLE = Automatic;
				CURRENT_PROJECT_VERSION = 1;
				DEVELOPMENT_TEAM = 8X36L56SFQ;
				GENERATE_INFOPLIST_FILE = YES;
				MARKETING_VERSION = 1.0;
				PRODUCT_BUNDLE_IDENTIFIER = shiluco.TODOUITests;
				PRODUCT_NAME = "$(TARGET_NAME)";
				SWIFT_EMIT_LOC_STRINGS = NO;
				SWIFT_VERSION = 5.0;
				TARGETED_DEVICE_FAMILY = "1,2";
				TEST_TARGET_NAME = TODO;
			};
			name = Release;
		};
/* End XCBuildConfiguration section */

/* Begin XCConfigurationList section */
		914699E82C6F193E008F540B /* Build configuration list for PBXProject "TODO" */ = {
			isa = XCConfigurationList;
			buildConfigurations = (
				91469A0F2C6F1940008F540B /* Debug */,
				91469A102C6F1940008F540B /* Release */,
			);
			defaultConfigurationIsVisible = 0;
			defaultConfigurationName = Release;
		};
		91469A112C6F1940008F540B /* Build configuration list for PBXNativeTarget "TODO" */ = {
			isa = XCConfigurationList;
			buildConfigurations = (
				91469A122C6F1940008F540B /* Debug */,
				91469A132C6F1940008F540B /* Release */,
			);
			defaultConfigurationIsVisible = 0;
			defaultConfigurationName = Release;
		};
		91469A142C6F1940008F540B /* Build configuration list for PBXNativeTarget "TODOTests" */ = {
			isa = XCConfigurationList;
			buildConfigurations = (
				91469A152C6F1940008F540B /* Debug */,
				91469A162C6F1940008F540B /* Release */,
			);
			defaultConfigurationIsVisible = 0;
			defaultConfigurationName = Release;
		};
		91469A172C6F1940008F540B /* Build configuration list for PBXNativeTarget "TODOUITests" */ = {
			isa = XCConfigurationList;
			buildConfigurations = (
				91469A182C6F1940008F540B /* Debug */,
				91469A192C6F1940008F540B /* Release */,
			);
			defaultConfigurationIsVisible = 0;
			defaultConfigurationName = Release;
		};
/* End XCConfigurationList section */
	};
	rootObject = 914699E52C6F193E008F540B /* Project object */;
}
